
Microsoft Visual Studio Solution File, Format Version 11.00
# Visual Studio 2010
Project("{FAE04EC0-301F-11D3-BF4B-00C04F79EFBC}") = "Sample.ICommandPattern", "Sample.ICommandPattern\Sample.ICommandPattern.csproj", "{9AE8863D-0051-481E-8BEE-77555421C000}"
EndProject
Project("{FAE04EC0-301F-11D3-BF4B-00C04F79EFBC}") = "Sample.ImplementCommandPattern", "Sample.ImplementCommandPattern\Sample.ImplementCommandPattern.csproj", "{6CFA1A44-CDDF-4C16-BCD6-7BD10AC7A8B6}"
EndProject
Global
	GlobalSection(SolutionConfigurationPlatforms) = preSolution
		Debug|x86 = Debug|x86
		Release|x86 = Release|x86
	EndGlobalSection
	GlobalSection(ProjectConfigurationPlatforms) = postSolution
		{9AE8863D-0051-481E-8BEE-77555421C000}.Debug|x86.ActiveCfg = Debug|x86
		{9AE8863D-0051-481E-8BEE-77555421C000}.Debug|x86.Build.0 = Debug|x86
		{9AE8863D-0051-481E-8BEE-77555421C000}.Release|x86.ActiveCfg = Release|x86
		{9AE8863D-0051-481E-8BEE-77555421C000}.Release|x86.Build.0 = Release|x86
		{6CFA1A44-CDDF-4C16-BCD6-7BD10AC7A8B6}.Debug|x86.ActiveCfg = Debug|x86
		{6CFA1A44-CDDF-4C16-BCD6-7BD10AC7A8B6}.Debug|x86.Build.0 = Debug|x86
		{6CFA1A44-CDDF-4C16-BCD6-7BD10AC7A8B6}.Release|x86.ActiveCfg = Release|x86
		{6CFA1A44-CDDF-4C16-BCD6-7BD10AC7A8B6}.Release|x86.Build.0 = Release|x86
	EndGlobalSection
	GlobalSection(SolutionProperties) = preSolution
		HideSolutionNode = FALSE
	EndGlobalSection
EndGlobal
