
Microsoft Visual Studio Solution File, Format Version 11.00
# Visual Studio 2010
Project("{FAE04EC0-301F-11D3-BF4B-00C04F79EFBC}") = "WcfService1", "WcfService1\WcfService1.csproj", "{FD0F5021-D733-40DA-A091-326D354A548B}"
EndProject
Project("{FAE04EC0-301F-11D3-BF4B-00C04F79EFBC}") = "ConsoleApplication1", "ConsoleApplication1\ConsoleApplication1.csproj", "{5A59B0D5-2550-4C3A-AC34-FC76DCD6E48F}"
	ProjectSection(ProjectDependencies) = postProject
		{FD0F5021-D733-40DA-A091-326D354A548B} = {FD0F5021-D733-40DA-A091-326D354A548B}
	EndProjectSection
EndProject
Global
	GlobalSection(SolutionConfigurationPlatforms) = preSolution
		Debug|Any CPU = Debug|Any CPU
		Debug|Mixed Platforms = Debug|Mixed Platforms
		Debug|x86 = Debug|x86
		Release|Any CPU = Release|Any CPU
		Release|Mixed Platforms = Release|Mixed Platforms
		Release|x86 = Release|x86
	EndGlobalSection
	GlobalSection(ProjectConfigurationPlatforms) = postSolution
		{FD0F5021-D733-40DA-A091-326D354A548B}.Debug|Any CPU.ActiveCfg = Debug|Any CPU
		{FD0F5021-D733-40DA-A091-326D354A548B}.Debug|Any CPU.Build.0 = Debug|Any CPU
		{FD0F5021-D733-40DA-A091-326D354A548B}.Debug|Mixed Platforms.ActiveCfg = Debug|Any CPU
		{FD0F5021-D733-40DA-A091-326D354A548B}.Debug|Mixed Platforms.Build.0 = Debug|Any CPU
		{FD0F5021-D733-40DA-A091-326D354A548B}.Debug|x86.ActiveCfg = Debug|Any CPU
		{FD0F5021-D733-40DA-A091-326D354A548B}.Release|Any CPU.ActiveCfg = Release|Any CPU
		{FD0F5021-D733-40DA-A091-326D354A548B}.Release|Any CPU.Build.0 = Release|Any CPU
		{FD0F5021-D733-40DA-A091-326D354A548B}.Release|Mixed Platforms.ActiveCfg = Release|Any CPU
		{FD0F5021-D733-40DA-A091-326D354A548B}.Release|Mixed Platforms.Build.0 = Release|Any CPU
		{FD0F5021-D733-40DA-A091-326D354A548B}.Release|x86.ActiveCfg = Release|Any CPU
		{5A59B0D5-2550-4C3A-AC34-FC76DCD6E48F}.Debug|Any CPU.ActiveCfg = Debug|x86
		{5A59B0D5-2550-4C3A-AC34-FC76DCD6E48F}.Debug|Mixed Platforms.ActiveCfg = Debug|x86
		{5A59B0D5-2550-4C3A-AC34-FC76DCD6E48F}.Debug|Mixed Platforms.Build.0 = Debug|x86
		{5A59B0D5-2550-4C3A-AC34-FC76DCD6E48F}.Debug|x86.ActiveCfg = Debug|x86
		{5A59B0D5-2550-4C3A-AC34-FC76DCD6E48F}.Debug|x86.Build.0 = Debug|x86
		{5A59B0D5-2550-4C3A-AC34-FC76DCD6E48F}.Release|Any CPU.ActiveCfg = Release|x86
		{5A59B0D5-2550-4C3A-AC34-FC76DCD6E48F}.Release|Mixed Platforms.ActiveCfg = Release|x86
		{5A59B0D5-2550-4C3A-AC34-FC76DCD6E48F}.Release|Mixed Platforms.Build.0 = Release|x86
		{5A59B0D5-2550-4C3A-AC34-FC76DCD6E48F}.Release|x86.ActiveCfg = Release|x86
		{5A59B0D5-2550-4C3A-AC34-FC76DCD6E48F}.Release|x86.Build.0 = Release|x86
	EndGlobalSection
	GlobalSection(SolutionProperties) = preSolution
		HideSolutionNode = FALSE
	EndGlobalSection
EndGlobal
