
Microsoft Visual Studio Solution File, Format Version 11.00
# Visual Studio 2010
Project("{FAE04EC0-301F-11D3-BF4B-00C04F79EFBC}") = "Sample.SilverlightAnimationCPUUsage", "Sample.SilverlightAnimationCPUUsage\Sample.SilverlightAnimationCPUUsage.csproj", "{02d239fd-f797-43c1-b46b-2d581b77a1b5}"
EndProject
Global
	GlobalSection(SolutionConfigurationPlatforms) = preSolution
		Debug|Any CPU = Debug|Any CPU
		Release|Any CPU = Release|Any CPU
	EndGlobalSection
	GlobalSection(ProjectConfigurationPlatforms) = postSolution
		{02D239FD-F797-43C1-B46B-2D581B77A1B5}.Debug|Any CPU.ActiveCfg = Debug|Any CPU
		{02D239FD-F797-43C1-B46B-2D581B77A1B5}.Debug|Any CPU.Build.0 = Debug|Any CPU
		{02D239FD-F797-43C1-B46B-2D581B77A1B5}.Release|Any CPU.ActiveCfg = Release|Any CPU
		{02D239FD-F797-43C1-B46B-2D581B77A1B5}.Release|Any CPU.Build.0 = Release|Any CPU
	EndGlobalSection
EndGlobal
